
Microsoft Visual Studio Solution File, Format Version 12.00
# Visual Studio Version 16
VisualStudioVersion = 16.0.31129.286
MinimumVisualStudioVersion = 10.0.40219.1
Project("{9A19103F-16F7-4668-BE54-9A1E7A4F7556}") = "simhoppsystemet", "simhoppsystemet.csproj", "{441DFBFD-807E-4AB9-9E5D-A91C2C023CFA}"
EndProject
Global
	GlobalSection(SolutionConfigurationPlatforms) = preSolution
		Debug|Any CPU = Debug|Any CPU
		Release|Any CPU = Release|Any CPU
	EndGlobalSection
	GlobalSection(ProjectConfigurationPlatforms) = postSolution
		{441DFBFD-807E-4AB9-9E5D-A91C2C023CFA}.Debug|Any CPU.ActiveCfg = Debug|Any CPU
		{441DFBFD-807E-4AB9-9E5D-A91C2C023CFA}.Debug|Any CPU.Build.0 = Debug|Any CPU
		{441DFBFD-807E-4AB9-9E5D-A91C2C023CFA}.Release|Any CPU.ActiveCfg = Release|Any CPU
		{441DFBFD-807E-4AB9-9E5D-A91C2C023CFA}.Release|Any CPU.Build.0 = Release|Any CPU
	EndGlobalSection
	GlobalSection(SolutionProperties) = preSolution
		HideSolutionNode = FALSE
	EndGlobalSection
	GlobalSection(ExtensibilityGlobals) = postSolution
		SolutionGuid = {23B71D8D-AC75-4269-BC6E-FFE58F24ED28}
	EndGlobalSection
EndGlobal
